
Microsoft Visual Studio Solution File, Format Version 11.00
# Visual Studio 2010
Project("{FAE04EC0-301F-11D3-BF4B-00C04F79EFBC}") = "MobilisDroid", "Mobilis\MonoDroid\Mobilis\MobilisDroid.csproj", "{070236F3-8BC7-4123-82CB-EE00251F6D0D}"
EndProject
Project("{FAE04EC0-301F-11D3-BF4B-00C04F79EFBC}") = "ActionBarSherlock", "Mobilis\MonoDroid\ActionBarSherlock\ActionBarSherlock.csproj", "{2D5471B2-8255-4E47-97E9-EEB28678CC82}"
EndProject
Project("{2150E333-8FDC-42A3-9474-1A3956D46DE8}") = "Android", "Android", "{00B06E61-5243-400E-8872-4A0AA62D9662}"
EndProject
Project("{2150E333-8FDC-42A3-9474-1A3956D46DE8}") = "iOS", "iOS", "{2EA224B3-5D6E-40A5-B5BB-497FADDF210D}"
EndProject
Project("{2150E333-8FDC-42A3-9474-1A3956D46DE8}") = "Windows Phone", "Windows Phone", "{FB2333B3-7ABB-440B-86D1-E002D1989BFA}"
EndProject
Project("{FAE04EC0-301F-11D3-BF4B-00C04F79EFBC}") = "Mobilis.Lib", "Mobilis\MonoDroid\Mobilis.Lib\Mobilis.Lib.csproj", "{DFEE9F1F-5F28-4A67-9B9B-0780A39AAEEC}"
EndProject
Project("{FAE04EC0-301F-11D3-BF4B-00C04F79EFBC}") = "Mobilis.Lib", "Mobilis\Windows Phone\Mobilis.Lib\Mobilis.Lib.csproj", "{D2F00BD2-C015-4A94-8CC8-67E4A86A76B4}"
EndProject
Project("{FAE04EC0-301F-11D3-BF4B-00C04F79EFBC}") = "Mobilis", "Mobilis\Windows Phone\Mobilis\Mobilis.csproj", "{80995699-7A24-4C2F-ABC7-27A7EE6F5681}"
EndProject
Project("{FAE04EC0-301F-11D3-BF4B-00C04F79EFBC}") = "MonoMobilis.Lib", "Mobilis\MonoTouch\MonoMobilis.Lib\MonoMobilis.Lib.csproj", "{3ED55A28-890A-48A3-A3ED-65237064474C}"
EndProject
Project("{FAE04EC0-301F-11D3-BF4B-00C04F79EFBC}") = "MonoMobilis", "Mobilis\MonoTouch\MonoMobilis\MonoMobilis.csproj", "{94491426-7C44-484F-ABAD-14726225AE7F}"
EndProject
Global
	GlobalSection(SolutionConfigurationPlatforms) = preSolution
		Ad-Hoc|Any CPU = Ad-Hoc|Any CPU
		Ad-Hoc|iPhone = Ad-Hoc|iPhone
		Ad-Hoc|iPhoneSimulator = Ad-Hoc|iPhoneSimulator
		Ad-Hoc|Mixed Platforms = Ad-Hoc|Mixed Platforms
		AppStore|Any CPU = AppStore|Any CPU
		AppStore|iPhone = AppStore|iPhone
		AppStore|iPhoneSimulator = AppStore|iPhoneSimulator
		AppStore|Mixed Platforms = AppStore|Mixed Platforms
		Debug|Any CPU = Debug|Any CPU
		Debug|iPhone = Debug|iPhone
		Debug|iPhoneSimulator = Debug|iPhoneSimulator
		Debug|Mixed Platforms = Debug|Mixed Platforms
		MonoDroid|Any CPU = MonoDroid|Any CPU
		MonoDroid|iPhone = MonoDroid|iPhone
		MonoDroid|iPhoneSimulator = MonoDroid|iPhoneSimulator
		MonoDroid|Mixed Platforms = MonoDroid|Mixed Platforms
		MonoTouch|Any CPU = MonoTouch|Any CPU
		MonoTouch|iPhone = MonoTouch|iPhone
		MonoTouch|iPhoneSimulator = MonoTouch|iPhoneSimulator
		MonoTouch|Mixed Platforms = MonoTouch|Mixed Platforms
		Release|Any CPU = Release|Any CPU
		Release|iPhone = Release|iPhone
		Release|iPhoneSimulator = Release|iPhoneSimulator
		Release|Mixed Platforms = Release|Mixed Platforms
	EndGlobalSection
	GlobalSection(ProjectConfigurationPlatforms) = postSolution
		{070236F3-8BC7-4123-82CB-EE00251F6D0D}.Ad-Hoc|Any CPU.ActiveCfg = Release|Any CPU
		{070236F3-8BC7-4123-82CB-EE00251F6D0D}.Ad-Hoc|Any CPU.Build.0 = Release|Any CPU
		{070236F3-8BC7-4123-82CB-EE00251F6D0D}.Ad-Hoc|Any CPU.Deploy.0 = Release|Any CPU
		{070236F3-8BC7-4123-82CB-EE00251F6D0D}.Ad-Hoc|iPhone.ActiveCfg = Release|Any CPU
		{070236F3-8BC7-4123-82CB-EE00251F6D0D}.Ad-Hoc|iPhoneSimulator.ActiveCfg = Release|Any CPU
		{070236F3-8BC7-4123-82CB-EE00251F6D0D}.Ad-Hoc|Mixed Platforms.ActiveCfg = Release|Any CPU
		{070236F3-8BC7-4123-82CB-EE00251F6D0D}.Ad-Hoc|Mixed Platforms.Build.0 = Release|Any CPU
		{070236F3-8BC7-4123-82CB-EE00251F6D0D}.Ad-Hoc|Mixed Platforms.Deploy.0 = Release|Any CPU
		{070236F3-8BC7-4123-82CB-EE00251F6D0D}.AppStore|Any CPU.ActiveCfg = Release|Any CPU
		{070236F3-8BC7-4123-82CB-EE00251F6D0D}.AppStore|Any CPU.Build.0 = Release|Any CPU
		{070236F3-8BC7-4123-82CB-EE00251F6D0D}.AppStore|Any CPU.Deploy.0 = Release|Any CPU
		{070236F3-8BC7-4123-82CB-EE00251F6D0D}.AppStore|iPhone.ActiveCfg = Release|Any CPU
		{070236F3-8BC7-4123-82CB-EE00251F6D0D}.AppStore|iPhoneSimulator.ActiveCfg = Release|Any CPU
		{070236F3-8BC7-4123-82CB-EE00251F6D0D}.AppStore|Mixed Platforms.ActiveCfg = Release|Any CPU
		{070236F3-8BC7-4123-82CB-EE00251F6D0D}.AppStore|Mixed Platforms.Build.0 = Release|Any CPU
		{070236F3-8BC7-4123-82CB-EE00251F6D0D}.AppStore|Mixed Platforms.Deploy.0 = Release|Any CPU
		{070236F3-8BC7-4123-82CB-EE00251F6D0D}.Debug|Any CPU.ActiveCfg = Debug|Any CPU
		{070236F3-8BC7-4123-82CB-EE00251F6D0D}.Debug|iPhone.ActiveCfg = Debug|Any CPU
		{070236F3-8BC7-4123-82CB-EE00251F6D0D}.Debug|iPhoneSimulator.ActiveCfg = Debug|Any CPU
		{070236F3-8BC7-4123-82CB-EE00251F6D0D}.Debug|Mixed Platforms.ActiveCfg = Debug|Any CPU
		{070236F3-8BC7-4123-82CB-EE00251F6D0D}.Debug|Mixed Platforms.Build.0 = Debug|Any CPU
		{070236F3-8BC7-4123-82CB-EE00251F6D0D}.Debug|Mixed Platforms.Deploy.0 = Debug|Any CPU
		{070236F3-8BC7-4123-82CB-EE00251F6D0D}.MonoDroid|Any CPU.ActiveCfg = Release|Any CPU
		{070236F3-8BC7-4123-82CB-EE00251F6D0D}.MonoDroid|Any CPU.Build.0 = Release|Any CPU
		{070236F3-8BC7-4123-82CB-EE00251F6D0D}.MonoDroid|Any CPU.Deploy.0 = Release|Any CPU
		{070236F3-8BC7-4123-82CB-EE00251F6D0D}.MonoDroid|iPhone.ActiveCfg = Release|Any CPU
		{070236F3-8BC7-4123-82CB-EE00251F6D0D}.MonoDroid|iPhoneSimulator.ActiveCfg = Release|Any CPU
		{070236F3-8BC7-4123-82CB-EE00251F6D0D}.MonoDroid|Mixed Platforms.ActiveCfg = Release|Any CPU
		{070236F3-8BC7-4123-82CB-EE00251F6D0D}.MonoDroid|Mixed Platforms.Build.0 = Release|Any CPU
		{070236F3-8BC7-4123-82CB-EE00251F6D0D}.MonoDroid|Mixed Platforms.Deploy.0 = Release|Any CPU
		{070236F3-8BC7-4123-82CB-EE00251F6D0D}.MonoTouch|Any CPU.ActiveCfg = Release|Any CPU
		{070236F3-8BC7-4123-82CB-EE00251F6D0D}.MonoTouch|iPhone.ActiveCfg = Release|Any CPU
		{070236F3-8BC7-4123-82CB-EE00251F6D0D}.MonoTouch|iPhoneSimulator.ActiveCfg = Release|Any CPU
		{070236F3-8BC7-4123-82CB-EE00251F6D0D}.MonoTouch|Mixed Platforms.ActiveCfg = Release|Any CPU
		{070236F3-8BC7-4123-82CB-EE00251F6D0D}.MonoTouch|Mixed Platforms.Build.0 = Release|Any CPU
		{070236F3-8BC7-4123-82CB-EE00251F6D0D}.MonoTouch|Mixed Platforms.Deploy.0 = Release|Any CPU
		{070236F3-8BC7-4123-82CB-EE00251F6D0D}.Release|Any CPU.ActiveCfg = Release|Any CPU
		{070236F3-8BC7-4123-82CB-EE00251F6D0D}.Release|Any CPU.Build.0 = Release|Any CPU
		{070236F3-8BC7-4123-82CB-EE00251F6D0D}.Release|iPhone.ActiveCfg = Release|Any CPU
		{070236F3-8BC7-4123-82CB-EE00251F6D0D}.Release|iPhoneSimulator.ActiveCfg = Release|Any CPU
		{070236F3-8BC7-4123-82CB-EE00251F6D0D}.Release|Mixed Platforms.ActiveCfg = Release|Any CPU
		{070236F3-8BC7-4123-82CB-EE00251F6D0D}.Release|Mixed Platforms.Build.0 = Release|Any CPU
		{070236F3-8BC7-4123-82CB-EE00251F6D0D}.Release|Mixed Platforms.Deploy.0 = Release|Any CPU
		{2D5471B2-8255-4E47-97E9-EEB28678CC82}.Ad-Hoc|Any CPU.ActiveCfg = Release|Any CPU
		{2D5471B2-8255-4E47-97E9-EEB28678CC82}.Ad-Hoc|Any CPU.Build.0 = Release|Any CPU
		{2D5471B2-8255-4E47-97E9-EEB28678CC82}.Ad-Hoc|iPhone.ActiveCfg = Release|Any CPU
		{2D5471B2-8255-4E47-97E9-EEB28678CC82}.Ad-Hoc|iPhoneSimulator.ActiveCfg = Release|Any CPU
		{2D5471B2-8255-4E47-97E9-EEB28678CC82}.Ad-Hoc|Mixed Platforms.ActiveCfg = Release|Any CPU
		{2D5471B2-8255-4E47-97E9-EEB28678CC82}.Ad-Hoc|Mixed Platforms.Build.0 = Release|Any CPU
		{2D5471B2-8255-4E47-97E9-EEB28678CC82}.AppStore|Any CPU.ActiveCfg = Release|Any CPU
		{2D5471B2-8255-4E47-97E9-EEB28678CC82}.AppStore|Any CPU.Build.0 = Release|Any CPU
		{2D5471B2-8255-4E47-97E9-EEB28678CC82}.AppStore|iPhone.ActiveCfg = Release|Any CPU
		{2D5471B2-8255-4E47-97E9-EEB28678CC82}.AppStore|iPhoneSimulator.ActiveCfg = Release|Any CPU
		{2D5471B2-8255-4E47-97E9-EEB28678CC82}.AppStore|Mixed Platforms.ActiveCfg = Release|Any CPU
		{2D5471B2-8255-4E47-97E9-EEB28678CC82}.AppStore|Mixed Platforms.Build.0 = Release|Any CPU
		{2D5471B2-8255-4E47-97E9-EEB28678CC82}.Debug|Any CPU.ActiveCfg = Debug|Any CPU
		{2D5471B2-8255-4E47-97E9-EEB28678CC82}.Debug|iPhone.ActiveCfg = Debug|Any CPU
		{2D5471B2-8255-4E47-97E9-EEB28678CC82}.Debug|iPhoneSimulator.ActiveCfg = Debug|Any CPU
		{2D5471B2-8255-4E47-97E9-EEB28678CC82}.Debug|Mixed Platforms.ActiveCfg = Debug|Any CPU
		{2D5471B2-8255-4E47-97E9-EEB28678CC82}.Debug|Mixed Platforms.Build.0 = Debug|Any CPU
		{2D5471B2-8255-4E47-97E9-EEB28678CC82}.MonoDroid|Any CPU.ActiveCfg = Release|Any CPU
		{2D5471B2-8255-4E47-97E9-EEB28678CC82}.MonoDroid|Any CPU.Build.0 = Release|Any CPU
		{2D5471B2-8255-4E47-97E9-EEB28678CC82}.MonoDroid|iPhone.ActiveCfg = Release|Any CPU
		{2D5471B2-8255-4E47-97E9-EEB28678CC82}.MonoDroid|iPhoneSimulator.ActiveCfg = Release|Any CPU
		{2D5471B2-8255-4E47-97E9-EEB28678CC82}.MonoDroid|Mixed Platforms.ActiveCfg = Release|Any CPU
		{2D5471B2-8255-4E47-97E9-EEB28678CC82}.MonoDroid|Mixed Platforms.Build.0 = Release|Any CPU
		{2D5471B2-8255-4E47-97E9-EEB28678CC82}.MonoTouch|Any CPU.ActiveCfg = Release|Any CPU
		{2D5471B2-8255-4E47-97E9-EEB28678CC82}.MonoTouch|iPhone.ActiveCfg = Release|Any CPU
		{2D5471B2-8255-4E47-97E9-EEB28678CC82}.MonoTouch|iPhoneSimulator.ActiveCfg = Release|Any CPU
		{2D5471B2-8255-4E47-97E9-EEB28678CC82}.MonoTouch|Mixed Platforms.ActiveCfg = Release|Any CPU
		{2D5471B2-8255-4E47-97E9-EEB28678CC82}.MonoTouch|Mixed Platforms.Build.0 = Release|Any CPU
		{2D5471B2-8255-4E47-97E9-EEB28678CC82}.Release|Any CPU.ActiveCfg = Release|Any CPU
		{2D5471B2-8255-4E47-97E9-EEB28678CC82}.Release|Any CPU.Build.0 = Release|Any CPU
		{2D5471B2-8255-4E47-97E9-EEB28678CC82}.Release|iPhone.ActiveCfg = Release|Any CPU
		{2D5471B2-8255-4E47-97E9-EEB28678CC82}.Release|iPhoneSimulator.ActiveCfg = Release|Any CPU
		{2D5471B2-8255-4E47-97E9-EEB28678CC82}.Release|Mixed Platforms.ActiveCfg = Release|Any CPU
		{2D5471B2-8255-4E47-97E9-EEB28678CC82}.Release|Mixed Platforms.Build.0 = Release|Any CPU
		{DFEE9F1F-5F28-4A67-9B9B-0780A39AAEEC}.Ad-Hoc|Any CPU.ActiveCfg = Release|Any CPU
		{DFEE9F1F-5F28-4A67-9B9B-0780A39AAEEC}.Ad-Hoc|Any CPU.Build.0 = Release|Any CPU
		{DFEE9F1F-5F28-4A67-9B9B-0780A39AAEEC}.Ad-Hoc|iPhone.ActiveCfg = Release|Any CPU
		{DFEE9F1F-5F28-4A67-9B9B-0780A39AAEEC}.Ad-Hoc|iPhoneSimulator.ActiveCfg = Release|Any CPU
		{DFEE9F1F-5F28-4A67-9B9B-0780A39AAEEC}.Ad-Hoc|Mixed Platforms.ActiveCfg = Release|Any CPU
		{DFEE9F1F-5F28-4A67-9B9B-0780A39AAEEC}.Ad-Hoc|Mixed Platforms.Build.0 = Release|Any CPU
		{DFEE9F1F-5F28-4A67-9B9B-0780A39AAEEC}.AppStore|Any CPU.ActiveCfg = Release|Any CPU
		{DFEE9F1F-5F28-4A67-9B9B-0780A39AAEEC}.AppStore|Any CPU.Build.0 = Release|Any CPU
		{DFEE9F1F-5F28-4A67-9B9B-0780A39AAEEC}.AppStore|iPhone.ActiveCfg = Release|Any CPU
		{DFEE9F1F-5F28-4A67-9B9B-0780A39AAEEC}.AppStore|iPhoneSimulator.ActiveCfg = Release|Any CPU
		{DFEE9F1F-5F28-4A67-9B9B-0780A39AAEEC}.AppStore|Mixed Platforms.ActiveCfg = Release|Any CPU
		{DFEE9F1F-5F28-4A67-9B9B-0780A39AAEEC}.AppStore|Mixed Platforms.Build.0 = Release|Any CPU
		{DFEE9F1F-5F28-4A67-9B9B-0780A39AAEEC}.Debug|Any CPU.ActiveCfg = Debug|Any CPU
		{DFEE9F1F-5F28-4A67-9B9B-0780A39AAEEC}.Debug|iPhone.ActiveCfg = Debug|Any CPU
		{DFEE9F1F-5F28-4A67-9B9B-0780A39AAEEC}.Debug|iPhoneSimulator.ActiveCfg = Debug|Any CPU
		{DFEE9F1F-5F28-4A67-9B9B-0780A39AAEEC}.Debug|Mixed Platforms.ActiveCfg = Debug|Any CPU
		{DFEE9F1F-5F28-4A67-9B9B-0780A39AAEEC}.Debug|Mixed Platforms.Build.0 = Debug|Any CPU
		{DFEE9F1F-5F28-4A67-9B9B-0780A39AAEEC}.MonoDroid|Any CPU.ActiveCfg = MonoDroid|Any CPU
		{DFEE9F1F-5F28-4A67-9B9B-0780A39AAEEC}.MonoDroid|Any CPU.Build.0 = MonoDroid|Any CPU
		{DFEE9F1F-5F28-4A67-9B9B-0780A39AAEEC}.MonoDroid|iPhone.ActiveCfg = MonoDroid|Any CPU
		{DFEE9F1F-5F28-4A67-9B9B-0780A39AAEEC}.MonoDroid|iPhoneSimulator.ActiveCfg = MonoDroid|Any CPU
		{DFEE9F1F-5F28-4A67-9B9B-0780A39AAEEC}.MonoDroid|Mixed Platforms.ActiveCfg = MonoDroid|Any CPU
		{DFEE9F1F-5F28-4A67-9B9B-0780A39AAEEC}.MonoDroid|Mixed Platforms.Build.0 = MonoDroid|Any CPU
		{DFEE9F1F-5F28-4A67-9B9B-0780A39AAEEC}.MonoTouch|Any CPU.ActiveCfg = MonoTouch|Any CPU
		{DFEE9F1F-5F28-4A67-9B9B-0780A39AAEEC}.MonoTouch|iPhone.ActiveCfg = MonoTouch|Any CPU
		{DFEE9F1F-5F28-4A67-9B9B-0780A39AAEEC}.MonoTouch|iPhoneSimulator.ActiveCfg = MonoTouch|Any CPU
		{DFEE9F1F-5F28-4A67-9B9B-0780A39AAEEC}.MonoTouch|Mixed Platforms.ActiveCfg = MonoTouch|Any CPU
		{DFEE9F1F-5F28-4A67-9B9B-0780A39AAEEC}.MonoTouch|Mixed Platforms.Build.0 = MonoTouch|Any CPU
		{DFEE9F1F-5F28-4A67-9B9B-0780A39AAEEC}.Release|Any CPU.ActiveCfg = Release|Any CPU
		{DFEE9F1F-5F28-4A67-9B9B-0780A39AAEEC}.Release|Any CPU.Build.0 = Release|Any CPU
		{DFEE9F1F-5F28-4A67-9B9B-0780A39AAEEC}.Release|iPhone.ActiveCfg = Release|Any CPU
		{DFEE9F1F-5F28-4A67-9B9B-0780A39AAEEC}.Release|iPhoneSimulator.ActiveCfg = Release|Any CPU
		{DFEE9F1F-5F28-4A67-9B9B-0780A39AAEEC}.Release|Mixed Platforms.ActiveCfg = Release|Any CPU
		{DFEE9F1F-5F28-4A67-9B9B-0780A39AAEEC}.Release|Mixed Platforms.Build.0 = Release|Any CPU
		{D2F00BD2-C015-4A94-8CC8-67E4A86A76B4}.Ad-Hoc|Any CPU.ActiveCfg = Release|Any CPU
		{D2F00BD2-C015-4A94-8CC8-67E4A86A76B4}.Ad-Hoc|Any CPU.Build.0 = Release|Any CPU
		{D2F00BD2-C015-4A94-8CC8-67E4A86A76B4}.Ad-Hoc|iPhone.ActiveCfg = Release|Any CPU
		{D2F00BD2-C015-4A94-8CC8-67E4A86A76B4}.Ad-Hoc|iPhoneSimulator.ActiveCfg = Release|Any CPU
		{D2F00BD2-C015-4A94-8CC8-67E4A86A76B4}.Ad-Hoc|Mixed Platforms.ActiveCfg = Release|Any CPU
		{D2F00BD2-C015-4A94-8CC8-67E4A86A76B4}.Ad-Hoc|Mixed Platforms.Build.0 = Release|Any CPU
		{D2F00BD2-C015-4A94-8CC8-67E4A86A76B4}.AppStore|Any CPU.ActiveCfg = Release|Any CPU
		{D2F00BD2-C015-4A94-8CC8-67E4A86A76B4}.AppStore|Any CPU.Build.0 = Release|Any CPU
		{D2F00BD2-C015-4A94-8CC8-67E4A86A76B4}.AppStore|iPhone.ActiveCfg = Release|Any CPU
		{D2F00BD2-C015-4A94-8CC8-67E4A86A76B4}.AppStore|iPhoneSimulator.ActiveCfg = Release|Any CPU
		{D2F00BD2-C015-4A94-8CC8-67E4A86A76B4}.AppStore|Mixed Platforms.ActiveCfg = Release|Any CPU
		{D2F00BD2-C015-4A94-8CC8-67E4A86A76B4}.AppStore|Mixed Platforms.Build.0 = Release|Any CPU
		{D2F00BD2-C015-4A94-8CC8-67E4A86A76B4}.Debug|Any CPU.ActiveCfg = Debug|Any CPU
		{D2F00BD2-C015-4A94-8CC8-67E4A86A76B4}.Debug|Any CPU.Build.0 = Debug|Any CPU
		{D2F00BD2-C015-4A94-8CC8-67E4A86A76B4}.Debug|iPhone.ActiveCfg = Debug|Any CPU
		{D2F00BD2-C015-4A94-8CC8-67E4A86A76B4}.Debug|iPhoneSimulator.ActiveCfg = Debug|Any CPU
		{D2F00BD2-C015-4A94-8CC8-67E4A86A76B4}.Debug|Mixed Platforms.ActiveCfg = Debug|Any CPU
		{D2F00BD2-C015-4A94-8CC8-67E4A86A76B4}.Debug|Mixed Platforms.Build.0 = Debug|Any CPU
		{D2F00BD2-C015-4A94-8CC8-67E4A86A76B4}.MonoDroid|Any CPU.ActiveCfg = MonoDroid|Any CPU
		{D2F00BD2-C015-4A94-8CC8-67E4A86A76B4}.MonoDroid|iPhone.ActiveCfg = MonoDroid|Any CPU
		{D2F00BD2-C015-4A94-8CC8-67E4A86A76B4}.MonoDroid|iPhoneSimulator.ActiveCfg = MonoDroid|Any CPU
		{D2F00BD2-C015-4A94-8CC8-67E4A86A76B4}.MonoDroid|Mixed Platforms.ActiveCfg = MonoDroid|Any CPU
		{D2F00BD2-C015-4A94-8CC8-67E4A86A76B4}.MonoDroid|Mixed Platforms.Build.0 = MonoDroid|Any CPU
		{D2F00BD2-C015-4A94-8CC8-67E4A86A76B4}.MonoTouch|Any CPU.ActiveCfg = MonoTouch|Any CPU
		{D2F00BD2-C015-4A94-8CC8-67E4A86A76B4}.MonoTouch|iPhone.ActiveCfg = MonoTouch|Any CPU
		{D2F00BD2-C015-4A94-8CC8-67E4A86A76B4}.MonoTouch|iPhoneSimulator.ActiveCfg = MonoTouch|Any CPU
		{D2F00BD2-C015-4A94-8CC8-67E4A86A76B4}.MonoTouch|Mixed Platforms.ActiveCfg = MonoTouch|Any CPU
		{D2F00BD2-C015-4A94-8CC8-67E4A86A76B4}.MonoTouch|Mixed Platforms.Build.0 = MonoTouch|Any CPU
		{D2F00BD2-C015-4A94-8CC8-67E4A86A76B4}.Release|Any CPU.ActiveCfg = Release|Any CPU
		{D2F00BD2-C015-4A94-8CC8-67E4A86A76B4}.Release|Any CPU.Build.0 = Release|Any CPU
		{D2F00BD2-C015-4A94-8CC8-67E4A86A76B4}.Release|iPhone.ActiveCfg = Release|Any CPU
		{D2F00BD2-C015-4A94-8CC8-67E4A86A76B4}.Release|iPhoneSimulator.ActiveCfg = Release|Any CPU
		{D2F00BD2-C015-4A94-8CC8-67E4A86A76B4}.Release|Mixed Platforms.ActiveCfg = Release|Any CPU
		{D2F00BD2-C015-4A94-8CC8-67E4A86A76B4}.Release|Mixed Platforms.Build.0 = Release|Any CPU
		{80995699-7A24-4C2F-ABC7-27A7EE6F5681}.Ad-Hoc|Any CPU.ActiveCfg = Release|Any CPU
		{80995699-7A24-4C2F-ABC7-27A7EE6F5681}.Ad-Hoc|Any CPU.Build.0 = Release|Any CPU
		{80995699-7A24-4C2F-ABC7-27A7EE6F5681}.Ad-Hoc|Any CPU.Deploy.0 = Release|Any CPU
		{80995699-7A24-4C2F-ABC7-27A7EE6F5681}.Ad-Hoc|iPhone.ActiveCfg = Release|Any CPU
		{80995699-7A24-4C2F-ABC7-27A7EE6F5681}.Ad-Hoc|iPhoneSimulator.ActiveCfg = Release|Any CPU
		{80995699-7A24-4C2F-ABC7-27A7EE6F5681}.Ad-Hoc|Mixed Platforms.ActiveCfg = Release|Any CPU
		{80995699-7A24-4C2F-ABC7-27A7EE6F5681}.Ad-Hoc|Mixed Platforms.Build.0 = Release|Any CPU
		{80995699-7A24-4C2F-ABC7-27A7EE6F5681}.Ad-Hoc|Mixed Platforms.Deploy.0 = Release|Any CPU
		{80995699-7A24-4C2F-ABC7-27A7EE6F5681}.AppStore|Any CPU.ActiveCfg = Release|Any CPU
		{80995699-7A24-4C2F-ABC7-27A7EE6F5681}.AppStore|Any CPU.Build.0 = Release|Any CPU
		{80995699-7A24-4C2F-ABC7-27A7EE6F5681}.AppStore|Any CPU.Deploy.0 = Release|Any CPU
		{80995699-7A24-4C2F-ABC7-27A7EE6F5681}.AppStore|iPhone.ActiveCfg = Release|Any CPU
		{80995699-7A24-4C2F-ABC7-27A7EE6F5681}.AppStore|iPhoneSimulator.ActiveCfg = Release|Any CPU
		{80995699-7A24-4C2F-ABC7-27A7EE6F5681}.AppStore|Mixed Platforms.ActiveCfg = Release|Any CPU
		{80995699-7A24-4C2F-ABC7-27A7EE6F5681}.AppStore|Mixed Platforms.Build.0 = Release|Any CPU
		{80995699-7A24-4C2F-ABC7-27A7EE6F5681}.AppStore|Mixed Platforms.Deploy.0 = Release|Any CPU
		{80995699-7A24-4C2F-ABC7-27A7EE6F5681}.Debug|Any CPU.ActiveCfg = Debug|Any CPU
		{80995699-7A24-4C2F-ABC7-27A7EE6F5681}.Debug|Any CPU.Build.0 = Debug|Any CPU
		{80995699-7A24-4C2F-ABC7-27A7EE6F5681}.Debug|Any CPU.Deploy.0 = Debug|Any CPU
		{80995699-7A24-4C2F-ABC7-27A7EE6F5681}.Debug|iPhone.ActiveCfg = Debug|Any CPU
		{80995699-7A24-4C2F-ABC7-27A7EE6F5681}.Debug|iPhoneSimulator.ActiveCfg = Debug|Any CPU
		{80995699-7A24-4C2F-ABC7-27A7EE6F5681}.Debug|Mixed Platforms.ActiveCfg = Debug|Any CPU
		{80995699-7A24-4C2F-ABC7-27A7EE6F5681}.Debug|Mixed Platforms.Build.0 = Debug|Any CPU
		{80995699-7A24-4C2F-ABC7-27A7EE6F5681}.Debug|Mixed Platforms.Deploy.0 = Debug|Any CPU
		{80995699-7A24-4C2F-ABC7-27A7EE6F5681}.MonoDroid|Any CPU.ActiveCfg = MonoDroid|Any CPU
		{80995699-7A24-4C2F-ABC7-27A7EE6F5681}.MonoDroid|iPhone.ActiveCfg = MonoDroid|Any CPU
		{80995699-7A24-4C2F-ABC7-27A7EE6F5681}.MonoDroid|iPhoneSimulator.ActiveCfg = MonoDroid|Any CPU
		{80995699-7A24-4C2F-ABC7-27A7EE6F5681}.MonoDroid|Mixed Platforms.ActiveCfg = MonoDroid|Any CPU
		{80995699-7A24-4C2F-ABC7-27A7EE6F5681}.MonoDroid|Mixed Platforms.Build.0 = MonoDroid|Any CPU
		{80995699-7A24-4C2F-ABC7-27A7EE6F5681}.MonoDroid|Mixed Platforms.Deploy.0 = MonoDroid|Any CPU
		{80995699-7A24-4C2F-ABC7-27A7EE6F5681}.MonoTouch|Any CPU.ActiveCfg = MonoTouch|Any CPU
		{80995699-7A24-4C2F-ABC7-27A7EE6F5681}.MonoTouch|iPhone.ActiveCfg = MonoTouch|Any CPU
		{80995699-7A24-4C2F-ABC7-27A7EE6F5681}.MonoTouch|iPhoneSimulator.ActiveCfg = MonoTouch|Any CPU
		{80995699-7A24-4C2F-ABC7-27A7EE6F5681}.MonoTouch|Mixed Platforms.ActiveCfg = MonoTouch|Any CPU
		{80995699-7A24-4C2F-ABC7-27A7EE6F5681}.MonoTouch|Mixed Platforms.Build.0 = MonoTouch|Any CPU
		{80995699-7A24-4C2F-ABC7-27A7EE6F5681}.MonoTouch|Mixed Platforms.Deploy.0 = MonoTouch|Any CPU
		{80995699-7A24-4C2F-ABC7-27A7EE6F5681}.Release|Any CPU.ActiveCfg = Release|Any CPU
		{80995699-7A24-4C2F-ABC7-27A7EE6F5681}.Release|Any CPU.Build.0 = Release|Any CPU
		{80995699-7A24-4C2F-ABC7-27A7EE6F5681}.Release|Any CPU.Deploy.0 = Release|Any CPU
		{80995699-7A24-4C2F-ABC7-27A7EE6F5681}.Release|iPhone.ActiveCfg = Release|Any CPU
		{80995699-7A24-4C2F-ABC7-27A7EE6F5681}.Release|iPhoneSimulator.ActiveCfg = Release|Any CPU
		{80995699-7A24-4C2F-ABC7-27A7EE6F5681}.Release|Mixed Platforms.ActiveCfg = Release|Any CPU
		{80995699-7A24-4C2F-ABC7-27A7EE6F5681}.Release|Mixed Platforms.Build.0 = Release|Any CPU
		{80995699-7A24-4C2F-ABC7-27A7EE6F5681}.Release|Mixed Platforms.Deploy.0 = Release|Any CPU
		{3ED55A28-890A-48A3-A3ED-65237064474C}.Ad-Hoc|Any CPU.ActiveCfg = Release|Any CPU
		{3ED55A28-890A-48A3-A3ED-65237064474C}.Ad-Hoc|Any CPU.Build.0 = Release|Any CPU
		{3ED55A28-890A-48A3-A3ED-65237064474C}.Ad-Hoc|iPhone.ActiveCfg = Release|Any CPU
		{3ED55A28-890A-48A3-A3ED-65237064474C}.Ad-Hoc|iPhoneSimulator.ActiveCfg = Release|Any CPU
		{3ED55A28-890A-48A3-A3ED-65237064474C}.Ad-Hoc|Mixed Platforms.ActiveCfg = Release|Any CPU
		{3ED55A28-890A-48A3-A3ED-65237064474C}.Ad-Hoc|Mixed Platforms.Build.0 = Release|Any CPU
		{3ED55A28-890A-48A3-A3ED-65237064474C}.AppStore|Any CPU.ActiveCfg = Release|Any CPU
		{3ED55A28-890A-48A3-A3ED-65237064474C}.AppStore|Any CPU.Build.0 = Release|Any CPU
		{3ED55A28-890A-48A3-A3ED-65237064474C}.AppStore|iPhone.ActiveCfg = Release|Any CPU
		{3ED55A28-890A-48A3-A3ED-65237064474C}.AppStore|iPhoneSimulator.ActiveCfg = Release|Any CPU
		{3ED55A28-890A-48A3-A3ED-65237064474C}.AppStore|Mixed Platforms.ActiveCfg = Release|Any CPU
		{3ED55A28-890A-48A3-A3ED-65237064474C}.AppStore|Mixed Platforms.Build.0 = Release|Any CPU
		{3ED55A28-890A-48A3-A3ED-65237064474C}.Debug|Any CPU.ActiveCfg = Debug|Any CPU
		{3ED55A28-890A-48A3-A3ED-65237064474C}.Debug|Any CPU.Build.0 = Debug|Any CPU
		{3ED55A28-890A-48A3-A3ED-65237064474C}.Debug|iPhone.ActiveCfg = Debug|Any CPU
		{3ED55A28-890A-48A3-A3ED-65237064474C}.Debug|iPhoneSimulator.ActiveCfg = Debug|Any CPU
		{3ED55A28-890A-48A3-A3ED-65237064474C}.Debug|Mixed Platforms.ActiveCfg = Debug|Any CPU
		{3ED55A28-890A-48A3-A3ED-65237064474C}.Debug|Mixed Platforms.Build.0 = Debug|Any CPU
		{3ED55A28-890A-48A3-A3ED-65237064474C}.MonoDroid|Any CPU.ActiveCfg = Release|Any CPU
		{3ED55A28-890A-48A3-A3ED-65237064474C}.MonoDroid|iPhone.ActiveCfg = Release|Any CPU
		{3ED55A28-890A-48A3-A3ED-65237064474C}.MonoDroid|iPhoneSimulator.ActiveCfg = Release|Any CPU
		{3ED55A28-890A-48A3-A3ED-65237064474C}.MonoDroid|Mixed Platforms.ActiveCfg = Release|Any CPU
		{3ED55A28-890A-48A3-A3ED-65237064474C}.MonoDroid|Mixed Platforms.Build.0 = Release|Any CPU
		{3ED55A28-890A-48A3-A3ED-65237064474C}.MonoTouch|Any CPU.ActiveCfg = Release|Any CPU
		{3ED55A28-890A-48A3-A3ED-65237064474C}.MonoTouch|Any CPU.Build.0 = Release|Any CPU
		{3ED55A28-890A-48A3-A3ED-65237064474C}.MonoTouch|iPhone.ActiveCfg = Release|Any CPU
		{3ED55A28-890A-48A3-A3ED-65237064474C}.MonoTouch|iPhoneSimulator.ActiveCfg = Release|Any CPU
		{3ED55A28-890A-48A3-A3ED-65237064474C}.MonoTouch|Mixed Platforms.ActiveCfg = Release|Any CPU
		{3ED55A28-890A-48A3-A3ED-65237064474C}.MonoTouch|Mixed Platforms.Build.0 = Release|Any CPU
		{3ED55A28-890A-48A3-A3ED-65237064474C}.Release|Any CPU.ActiveCfg = Release|Any CPU
		{3ED55A28-890A-48A3-A3ED-65237064474C}.Release|Any CPU.Build.0 = Release|Any CPU
		{3ED55A28-890A-48A3-A3ED-65237064474C}.Release|iPhone.ActiveCfg = Release|Any CPU
		{3ED55A28-890A-48A3-A3ED-65237064474C}.Release|iPhoneSimulator.ActiveCfg = Release|Any CPU
		{3ED55A28-890A-48A3-A3ED-65237064474C}.Release|Mixed Platforms.ActiveCfg = Release|Any CPU
		{3ED55A28-890A-48A3-A3ED-65237064474C}.Release|Mixed Platforms.Build.0 = Release|Any CPU
		{94491426-7C44-484F-ABAD-14726225AE7F}.Ad-Hoc|Any CPU.ActiveCfg = Ad-Hoc|iPhone
		{94491426-7C44-484F-ABAD-14726225AE7F}.Ad-Hoc|iPhone.ActiveCfg = Ad-Hoc|iPhone
		{94491426-7C44-484F-ABAD-14726225AE7F}.Ad-Hoc|iPhone.Build.0 = Ad-Hoc|iPhone
		{94491426-7C44-484F-ABAD-14726225AE7F}.Ad-Hoc|iPhoneSimulator.ActiveCfg = Ad-Hoc|iPhoneSimulator
		{94491426-7C44-484F-ABAD-14726225AE7F}.Ad-Hoc|iPhoneSimulator.Build.0 = Ad-Hoc|iPhoneSimulator
		{94491426-7C44-484F-ABAD-14726225AE7F}.Ad-Hoc|Mixed Platforms.ActiveCfg = Ad-Hoc|iPhone
		{94491426-7C44-484F-ABAD-14726225AE7F}.Ad-Hoc|Mixed Platforms.Build.0 = Ad-Hoc|iPhone
		{94491426-7C44-484F-ABAD-14726225AE7F}.AppStore|Any CPU.ActiveCfg = AppStore|iPhone
		{94491426-7C44-484F-ABAD-14726225AE7F}.AppStore|iPhone.ActiveCfg = AppStore|iPhone
		{94491426-7C44-484F-ABAD-14726225AE7F}.AppStore|iPhone.Build.0 = AppStore|iPhone
		{94491426-7C44-484F-ABAD-14726225AE7F}.AppStore|iPhoneSimulator.ActiveCfg = AppStore|iPhoneSimulator
		{94491426-7C44-484F-ABAD-14726225AE7F}.AppStore|iPhoneSimulator.Build.0 = AppStore|iPhoneSimulator
		{94491426-7C44-484F-ABAD-14726225AE7F}.AppStore|Mixed Platforms.ActiveCfg = AppStore|iPhone
		{94491426-7C44-484F-ABAD-14726225AE7F}.AppStore|Mixed Platforms.Build.0 = AppStore|iPhone
		{94491426-7C44-484F-ABAD-14726225AE7F}.Debug|Any CPU.ActiveCfg = Debug|iPhone
		{94491426-7C44-484F-ABAD-14726225AE7F}.Debug|iPhone.ActiveCfg = Debug|iPhone
		{94491426-7C44-484F-ABAD-14726225AE7F}.Debug|iPhone.Build.0 = Debug|iPhone
		{94491426-7C44-484F-ABAD-14726225AE7F}.Debug|iPhoneSimulator.ActiveCfg = Debug|iPhoneSimulator
		{94491426-7C44-484F-ABAD-14726225AE7F}.Debug|iPhoneSimulator.Build.0 = Debug|iPhoneSimulator
		{94491426-7C44-484F-ABAD-14726225AE7F}.Debug|Mixed Platforms.ActiveCfg = Debug|iPhone
		{94491426-7C44-484F-ABAD-14726225AE7F}.Debug|Mixed Platforms.Build.0 = Debug|iPhone
		{94491426-7C44-484F-ABAD-14726225AE7F}.MonoDroid|Any CPU.ActiveCfg = AppStore|iPhone
		{94491426-7C44-484F-ABAD-14726225AE7F}.MonoDroid|iPhone.ActiveCfg = AppStore|iPhone
		{94491426-7C44-484F-ABAD-14726225AE7F}.MonoDroid|iPhone.Build.0 = AppStore|iPhone
		{94491426-7C44-484F-ABAD-14726225AE7F}.MonoDroid|iPhoneSimulator.ActiveCfg = AppStore|iPhone
		{94491426-7C44-484F-ABAD-14726225AE7F}.MonoDroid|Mixed Platforms.ActiveCfg = AppStore|iPhone
		{94491426-7C44-484F-ABAD-14726225AE7F}.MonoDroid|Mixed Platforms.Build.0 = AppStore|iPhone
		{94491426-7C44-484F-ABAD-14726225AE7F}.MonoTouch|Any CPU.ActiveCfg = AppStore|iPhone
		{94491426-7C44-484F-ABAD-14726225AE7F}.MonoTouch|iPhone.ActiveCfg = AppStore|iPhone
		{94491426-7C44-484F-ABAD-14726225AE7F}.MonoTouch|iPhone.Build.0 = AppStore|iPhone
		{94491426-7C44-484F-ABAD-14726225AE7F}.MonoTouch|iPhoneSimulator.ActiveCfg = AppStore|iPhone
		{94491426-7C44-484F-ABAD-14726225AE7F}.MonoTouch|Mixed Platforms.ActiveCfg = AppStore|iPhone
		{94491426-7C44-484F-ABAD-14726225AE7F}.MonoTouch|Mixed Platforms.Build.0 = AppStore|iPhone
		{94491426-7C44-484F-ABAD-14726225AE7F}.Release|Any CPU.ActiveCfg = Release|iPhone
		{94491426-7C44-484F-ABAD-14726225AE7F}.Release|iPhone.ActiveCfg = Release|iPhone
		{94491426-7C44-484F-ABAD-14726225AE7F}.Release|iPhone.Build.0 = Release|iPhone
		{94491426-7C44-484F-ABAD-14726225AE7F}.Release|iPhoneSimulator.ActiveCfg = Release|iPhoneSimulator
		{94491426-7C44-484F-ABAD-14726225AE7F}.Release|iPhoneSimulator.Build.0 = Release|iPhoneSimulator
		{94491426-7C44-484F-ABAD-14726225AE7F}.Release|Mixed Platforms.ActiveCfg = Release|iPhone
		{94491426-7C44-484F-ABAD-14726225AE7F}.Release|Mixed Platforms.Build.0 = Release|iPhone
	EndGlobalSection
	GlobalSection(SolutionProperties) = preSolution
		HideSolutionNode = FALSE
	EndGlobalSection
	GlobalSection(NestedProjects) = preSolution
		{2D5471B2-8255-4E47-97E9-EEB28678CC82} = {00B06E61-5243-400E-8872-4A0AA62D9662}
		{070236F3-8BC7-4123-82CB-EE00251F6D0D} = {00B06E61-5243-400E-8872-4A0AA62D9662}
		{DFEE9F1F-5F28-4A67-9B9B-0780A39AAEEC} = {00B06E61-5243-400E-8872-4A0AA62D9662}
		{3ED55A28-890A-48A3-A3ED-65237064474C} = {2EA224B3-5D6E-40A5-B5BB-497FADDF210D}
		{94491426-7C44-484F-ABAD-14726225AE7F} = {2EA224B3-5D6E-40A5-B5BB-497FADDF210D}
		{D2F00BD2-C015-4A94-8CC8-67E4A86A76B4} = {FB2333B3-7ABB-440B-86D1-E002D1989BFA}
		{80995699-7A24-4C2F-ABC7-27A7EE6F5681} = {FB2333B3-7ABB-440B-86D1-E002D1989BFA}
	EndGlobalSection
	GlobalSection(MonoDevelopProperties) = preSolution
		StartupItem = Mobilis\MonoDroid\Mobilis\MobilisDroid.csproj
	EndGlobalSection
EndGlobal
