
Microsoft Visual Studio Solution File, Format Version 11.00
# Visual Studio 2010
Project("{FAE04EC0-301F-11D3-BF4B-00C04F79EFBC}") = "MonoMobilis", "MonoMobilis\MonoMobilis.csproj", "{94491426-7C44-484F-ABAD-14726225AE7F}"
EndProject
Project("{FAE04EC0-301F-11D3-BF4B-00C04F79EFBC}") = "MonoMobilis.Lib", "MonoMobilis.Lib\MonoMobilis.Lib.csproj", "{B1D26CEF-83E2-47A2-9257-9224DAAEACC3}"
EndProject
Global
	GlobalSection(SolutionConfigurationPlatforms) = preSolution
		Debug|iPhoneSimulator = Debug|iPhoneSimulator
		Release|iPhoneSimulator = Release|iPhoneSimulator
		Debug|iPhone = Debug|iPhone
		Release|iPhone = Release|iPhone
		Ad-Hoc|iPhone = Ad-Hoc|iPhone
		AppStore|iPhone = AppStore|iPhone
	EndGlobalSection
	GlobalSection(ProjectConfigurationPlatforms) = postSolution
		{94491426-7C44-484F-ABAD-14726225AE7F}.Ad-Hoc|iPhone.ActiveCfg = Ad-Hoc|iPhone
		{94491426-7C44-484F-ABAD-14726225AE7F}.Ad-Hoc|iPhone.Build.0 = Ad-Hoc|iPhone
		{94491426-7C44-484F-ABAD-14726225AE7F}.AppStore|iPhone.ActiveCfg = AppStore|iPhone
		{94491426-7C44-484F-ABAD-14726225AE7F}.AppStore|iPhone.Build.0 = AppStore|iPhone
		{94491426-7C44-484F-ABAD-14726225AE7F}.Debug|iPhone.ActiveCfg = Debug|iPhone
		{94491426-7C44-484F-ABAD-14726225AE7F}.Debug|iPhone.Build.0 = Debug|iPhone
		{94491426-7C44-484F-ABAD-14726225AE7F}.Debug|iPhoneSimulator.ActiveCfg = Debug|iPhoneSimulator
		{94491426-7C44-484F-ABAD-14726225AE7F}.Debug|iPhoneSimulator.Build.0 = Debug|iPhoneSimulator
		{94491426-7C44-484F-ABAD-14726225AE7F}.Release|iPhone.ActiveCfg = Release|iPhone
		{94491426-7C44-484F-ABAD-14726225AE7F}.Release|iPhone.Build.0 = Release|iPhone
		{94491426-7C44-484F-ABAD-14726225AE7F}.Release|iPhoneSimulator.ActiveCfg = Release|iPhoneSimulator
		{94491426-7C44-484F-ABAD-14726225AE7F}.Release|iPhoneSimulator.Build.0 = Release|iPhoneSimulator
		{B1D26CEF-83E2-47A2-9257-9224DAAEACC3}.Ad-Hoc|iPhone.ActiveCfg = Ad-Hoc|iPhone
		{B1D26CEF-83E2-47A2-9257-9224DAAEACC3}.Ad-Hoc|iPhone.Build.0 = Ad-Hoc|iPhone
		{B1D26CEF-83E2-47A2-9257-9224DAAEACC3}.AppStore|iPhone.ActiveCfg = AppStore|iPhone
		{B1D26CEF-83E2-47A2-9257-9224DAAEACC3}.AppStore|iPhone.Build.0 = AppStore|iPhone
		{B1D26CEF-83E2-47A2-9257-9224DAAEACC3}.Debug|iPhone.ActiveCfg = Debug|iPhone
		{B1D26CEF-83E2-47A2-9257-9224DAAEACC3}.Debug|iPhone.Build.0 = Debug|iPhone
		{B1D26CEF-83E2-47A2-9257-9224DAAEACC3}.Debug|iPhoneSimulator.ActiveCfg = Debug|iPhoneSimulator
		{B1D26CEF-83E2-47A2-9257-9224DAAEACC3}.Debug|iPhoneSimulator.Build.0 = Debug|iPhoneSimulator
		{B1D26CEF-83E2-47A2-9257-9224DAAEACC3}.Release|iPhone.ActiveCfg = Release|iPhone
		{B1D26CEF-83E2-47A2-9257-9224DAAEACC3}.Release|iPhone.Build.0 = Release|iPhone
		{B1D26CEF-83E2-47A2-9257-9224DAAEACC3}.Release|iPhoneSimulator.ActiveCfg = Release|iPhoneSimulator
		{B1D26CEF-83E2-47A2-9257-9224DAAEACC3}.Release|iPhoneSimulator.Build.0 = Release|iPhoneSimulator
	EndGlobalSection
	GlobalSection(MonoDevelopProperties) = preSolution
		StartupItem = MonoMobilis\MonoMobilis.csproj
	EndGlobalSection
EndGlobal
