
Microsoft Visual Studio Solution File, Format Version 11.00
# Visual Studio 2010
Project("{2150E333-8FDC-42A3-9474-1A3956D46DE8}") = "WindowsPhone", "WindowsPhone", "{48F3813B-AC7D-4E10-8195-6B4AFBC28E30}"
EndProject
Project("{2150E333-8FDC-42A3-9474-1A3956D46DE8}") = "MonoDroid", "MonoDroid", "{6B921381-7D06-4575-BBE5-8FE281D72AB4}"
EndProject
Project("{2150E333-8FDC-42A3-9474-1A3956D46DE8}") = "MonoTouch", "MonoTouch", "{6BB6A39C-40D4-42D7-B7F8-19784168E785}"
EndProject
Project("{FAE04EC0-301F-11D3-BF4B-00C04F79EFBC}") = "Mobilis.Lib", "WindowsPhone\Mobilis.Lib\Mobilis.Lib.csproj", "{D2F00BD2-C015-4A94-8CC8-67E4A86A76B4}"
EndProject
Project("{FAE04EC0-301F-11D3-BF4B-00C04F79EFBC}") = "Mobilis.Lib", "MonoDroid\Mobilis.Lib\Mobilis.Lib.csproj", "{DFEE9F1F-5F28-4A67-9B9B-0780A39AAEEC}"
EndProject
Project("{FAE04EC0-301F-11D3-BF4B-00C04F79EFBC}") = "MonoTouch", "MonoTouch\MonoTouch\MonoTouch\MonoTouch.csproj", "{61E63951-DB2A-41F3-AE5C-2A8731CB31EA}"
EndProject
Project("{FAE04EC0-301F-11D3-BF4B-00C04F79EFBC}") = "Mobilis", "WindowsPhone\Mobilis\Mobilis.csproj", "{80995699-7A24-4C2F-ABC7-27A7EE6F5681}"
EndProject
Project("{FAE04EC0-301F-11D3-BF4B-00C04F79EFBC}") = "MobilisDroid", "MonoDroid\Mobilis\MobilisDroid.csproj", "{E57FA7C6-A24F-44C6-BABB-876D25310211}"
EndProject
Project("{FAE04EC0-301F-11D3-BF4B-00C04F79EFBC}") = "Mobilis.Lib", "MonoTouch\FlightsNorway.Lib\Mobilis.Lib.csproj", "{5AA77FEE-7DE9-4AD3-8434-624A6C7936D8}"
EndProject
Global
	GlobalSection(SolutionConfigurationPlatforms) = preSolution
		Ad-Hoc|Any CPU = Ad-Hoc|Any CPU
		Ad-Hoc|iPhone = Ad-Hoc|iPhone
		Ad-Hoc|iPhoneSimulator = Ad-Hoc|iPhoneSimulator
		Ad-Hoc|Mixed Platforms = Ad-Hoc|Mixed Platforms
		AppStore|Any CPU = AppStore|Any CPU
		AppStore|iPhone = AppStore|iPhone
		AppStore|iPhoneSimulator = AppStore|iPhoneSimulator
		AppStore|Mixed Platforms = AppStore|Mixed Platforms
		Debug|Any CPU = Debug|Any CPU
		Debug|iPhone = Debug|iPhone
		Debug|iPhoneSimulator = Debug|iPhoneSimulator
		Debug|Mixed Platforms = Debug|Mixed Platforms
		MonoDroid|Any CPU = MonoDroid|Any CPU
		MonoDroid|iPhone = MonoDroid|iPhone
		MonoDroid|iPhoneSimulator = MonoDroid|iPhoneSimulator
		MonoDroid|Mixed Platforms = MonoDroid|Mixed Platforms
		MonoTouch|Any CPU = MonoTouch|Any CPU
		MonoTouch|iPhone = MonoTouch|iPhone
		MonoTouch|iPhoneSimulator = MonoTouch|iPhoneSimulator
		MonoTouch|Mixed Platforms = MonoTouch|Mixed Platforms
		Release|Any CPU = Release|Any CPU
		Release|iPhone = Release|iPhone
		Release|iPhoneSimulator = Release|iPhoneSimulator
		Release|Mixed Platforms = Release|Mixed Platforms
	EndGlobalSection
	GlobalSection(ProjectConfigurationPlatforms) = postSolution
		{D2F00BD2-C015-4A94-8CC8-67E4A86A76B4}.Ad-Hoc|Any CPU.ActiveCfg = Release|Any CPU
		{D2F00BD2-C015-4A94-8CC8-67E4A86A76B4}.Ad-Hoc|Any CPU.Build.0 = Release|Any CPU
		{D2F00BD2-C015-4A94-8CC8-67E4A86A76B4}.Ad-Hoc|iPhone.ActiveCfg = Release|Any CPU
		{D2F00BD2-C015-4A94-8CC8-67E4A86A76B4}.Ad-Hoc|iPhoneSimulator.ActiveCfg = Release|Any CPU
		{D2F00BD2-C015-4A94-8CC8-67E4A86A76B4}.Ad-Hoc|Mixed Platforms.ActiveCfg = Release|Any CPU
		{D2F00BD2-C015-4A94-8CC8-67E4A86A76B4}.Ad-Hoc|Mixed Platforms.Build.0 = Release|Any CPU
		{D2F00BD2-C015-4A94-8CC8-67E4A86A76B4}.AppStore|Any CPU.ActiveCfg = Release|Any CPU
		{D2F00BD2-C015-4A94-8CC8-67E4A86A76B4}.AppStore|Any CPU.Build.0 = Release|Any CPU
		{D2F00BD2-C015-4A94-8CC8-67E4A86A76B4}.AppStore|iPhone.ActiveCfg = Release|Any CPU
		{D2F00BD2-C015-4A94-8CC8-67E4A86A76B4}.AppStore|iPhoneSimulator.ActiveCfg = Release|Any CPU
		{D2F00BD2-C015-4A94-8CC8-67E4A86A76B4}.AppStore|Mixed Platforms.ActiveCfg = Release|Any CPU
		{D2F00BD2-C015-4A94-8CC8-67E4A86A76B4}.AppStore|Mixed Platforms.Build.0 = Release|Any CPU
		{D2F00BD2-C015-4A94-8CC8-67E4A86A76B4}.Debug|Any CPU.ActiveCfg = Debug|Any CPU
		{D2F00BD2-C015-4A94-8CC8-67E4A86A76B4}.Debug|Any CPU.Build.0 = Debug|Any CPU
		{D2F00BD2-C015-4A94-8CC8-67E4A86A76B4}.Debug|iPhone.ActiveCfg = Debug|Any CPU
		{D2F00BD2-C015-4A94-8CC8-67E4A86A76B4}.Debug|iPhoneSimulator.ActiveCfg = Debug|Any CPU
		{D2F00BD2-C015-4A94-8CC8-67E4A86A76B4}.Debug|Mixed Platforms.ActiveCfg = Debug|Any CPU
		{D2F00BD2-C015-4A94-8CC8-67E4A86A76B4}.Debug|Mixed Platforms.Build.0 = Debug|Any CPU
		{D2F00BD2-C015-4A94-8CC8-67E4A86A76B4}.MonoDroid|Any CPU.ActiveCfg = MonoDroid|Any CPU
		{D2F00BD2-C015-4A94-8CC8-67E4A86A76B4}.MonoDroid|iPhone.ActiveCfg = MonoDroid|Any CPU
		{D2F00BD2-C015-4A94-8CC8-67E4A86A76B4}.MonoDroid|iPhoneSimulator.ActiveCfg = MonoDroid|Any CPU
		{D2F00BD2-C015-4A94-8CC8-67E4A86A76B4}.MonoDroid|Mixed Platforms.ActiveCfg = MonoDroid|Any CPU
		{D2F00BD2-C015-4A94-8CC8-67E4A86A76B4}.MonoDroid|Mixed Platforms.Build.0 = MonoDroid|Any CPU
		{D2F00BD2-C015-4A94-8CC8-67E4A86A76B4}.MonoTouch|Any CPU.ActiveCfg = MonoTouch|Any CPU
		{D2F00BD2-C015-4A94-8CC8-67E4A86A76B4}.MonoTouch|iPhone.ActiveCfg = MonoTouch|Any CPU
		{D2F00BD2-C015-4A94-8CC8-67E4A86A76B4}.MonoTouch|iPhoneSimulator.ActiveCfg = MonoTouch|Any CPU
		{D2F00BD2-C015-4A94-8CC8-67E4A86A76B4}.MonoTouch|Mixed Platforms.ActiveCfg = MonoTouch|Any CPU
		{D2F00BD2-C015-4A94-8CC8-67E4A86A76B4}.MonoTouch|Mixed Platforms.Build.0 = MonoTouch|Any CPU
		{D2F00BD2-C015-4A94-8CC8-67E4A86A76B4}.Release|Any CPU.ActiveCfg = Release|Any CPU
		{D2F00BD2-C015-4A94-8CC8-67E4A86A76B4}.Release|Any CPU.Build.0 = Release|Any CPU
		{D2F00BD2-C015-4A94-8CC8-67E4A86A76B4}.Release|iPhone.ActiveCfg = Release|Any CPU
		{D2F00BD2-C015-4A94-8CC8-67E4A86A76B4}.Release|iPhoneSimulator.ActiveCfg = Release|Any CPU
		{D2F00BD2-C015-4A94-8CC8-67E4A86A76B4}.Release|Mixed Platforms.ActiveCfg = Release|Any CPU
		{D2F00BD2-C015-4A94-8CC8-67E4A86A76B4}.Release|Mixed Platforms.Build.0 = Release|Any CPU
		{DFEE9F1F-5F28-4A67-9B9B-0780A39AAEEC}.Ad-Hoc|Any CPU.ActiveCfg = Release|Any CPU
		{DFEE9F1F-5F28-4A67-9B9B-0780A39AAEEC}.Ad-Hoc|Any CPU.Build.0 = Release|Any CPU
		{DFEE9F1F-5F28-4A67-9B9B-0780A39AAEEC}.Ad-Hoc|iPhone.ActiveCfg = Release|Any CPU
		{DFEE9F1F-5F28-4A67-9B9B-0780A39AAEEC}.Ad-Hoc|iPhoneSimulator.ActiveCfg = Release|Any CPU
		{DFEE9F1F-5F28-4A67-9B9B-0780A39AAEEC}.Ad-Hoc|Mixed Platforms.ActiveCfg = Release|Any CPU
		{DFEE9F1F-5F28-4A67-9B9B-0780A39AAEEC}.Ad-Hoc|Mixed Platforms.Build.0 = Release|Any CPU
		{DFEE9F1F-5F28-4A67-9B9B-0780A39AAEEC}.AppStore|Any CPU.ActiveCfg = Release|Any CPU
		{DFEE9F1F-5F28-4A67-9B9B-0780A39AAEEC}.AppStore|Any CPU.Build.0 = Release|Any CPU
		{DFEE9F1F-5F28-4A67-9B9B-0780A39AAEEC}.AppStore|iPhone.ActiveCfg = Release|Any CPU
		{DFEE9F1F-5F28-4A67-9B9B-0780A39AAEEC}.AppStore|iPhoneSimulator.ActiveCfg = Release|Any CPU
		{DFEE9F1F-5F28-4A67-9B9B-0780A39AAEEC}.AppStore|Mixed Platforms.ActiveCfg = Release|Any CPU
		{DFEE9F1F-5F28-4A67-9B9B-0780A39AAEEC}.AppStore|Mixed Platforms.Build.0 = Release|Any CPU
		{DFEE9F1F-5F28-4A67-9B9B-0780A39AAEEC}.Debug|Any CPU.ActiveCfg = Debug|Any CPU
		{DFEE9F1F-5F28-4A67-9B9B-0780A39AAEEC}.Debug|Any CPU.Build.0 = Debug|Any CPU
		{DFEE9F1F-5F28-4A67-9B9B-0780A39AAEEC}.Debug|iPhone.ActiveCfg = Debug|Any CPU
		{DFEE9F1F-5F28-4A67-9B9B-0780A39AAEEC}.Debug|iPhoneSimulator.ActiveCfg = Debug|Any CPU
		{DFEE9F1F-5F28-4A67-9B9B-0780A39AAEEC}.Debug|Mixed Platforms.ActiveCfg = Debug|Any CPU
		{DFEE9F1F-5F28-4A67-9B9B-0780A39AAEEC}.Debug|Mixed Platforms.Build.0 = Debug|Any CPU
		{DFEE9F1F-5F28-4A67-9B9B-0780A39AAEEC}.MonoDroid|Any CPU.ActiveCfg = MonoDroid|Any CPU
		{DFEE9F1F-5F28-4A67-9B9B-0780A39AAEEC}.MonoDroid|Any CPU.Build.0 = MonoDroid|Any CPU
		{DFEE9F1F-5F28-4A67-9B9B-0780A39AAEEC}.MonoDroid|iPhone.ActiveCfg = MonoDroid|Any CPU
		{DFEE9F1F-5F28-4A67-9B9B-0780A39AAEEC}.MonoDroid|iPhoneSimulator.ActiveCfg = MonoDroid|Any CPU
		{DFEE9F1F-5F28-4A67-9B9B-0780A39AAEEC}.MonoDroid|Mixed Platforms.ActiveCfg = MonoDroid|Any CPU
		{DFEE9F1F-5F28-4A67-9B9B-0780A39AAEEC}.MonoDroid|Mixed Platforms.Build.0 = MonoDroid|Any CPU
		{DFEE9F1F-5F28-4A67-9B9B-0780A39AAEEC}.MonoDroid|Mixed Platforms.Deploy.0 = MonoDroid|Any CPU
		{DFEE9F1F-5F28-4A67-9B9B-0780A39AAEEC}.MonoTouch|Any CPU.ActiveCfg = MonoTouch|Any CPU
		{DFEE9F1F-5F28-4A67-9B9B-0780A39AAEEC}.MonoTouch|iPhone.ActiveCfg = MonoTouch|Any CPU
		{DFEE9F1F-5F28-4A67-9B9B-0780A39AAEEC}.MonoTouch|iPhoneSimulator.ActiveCfg = MonoTouch|Any CPU
		{DFEE9F1F-5F28-4A67-9B9B-0780A39AAEEC}.MonoTouch|Mixed Platforms.ActiveCfg = MonoTouch|Any CPU
		{DFEE9F1F-5F28-4A67-9B9B-0780A39AAEEC}.MonoTouch|Mixed Platforms.Build.0 = MonoTouch|Any CPU
		{DFEE9F1F-5F28-4A67-9B9B-0780A39AAEEC}.Release|Any CPU.ActiveCfg = Release|Any CPU
		{DFEE9F1F-5F28-4A67-9B9B-0780A39AAEEC}.Release|Any CPU.Build.0 = Release|Any CPU
		{DFEE9F1F-5F28-4A67-9B9B-0780A39AAEEC}.Release|iPhone.ActiveCfg = Release|Any CPU
		{DFEE9F1F-5F28-4A67-9B9B-0780A39AAEEC}.Release|iPhoneSimulator.ActiveCfg = Release|Any CPU
		{DFEE9F1F-5F28-4A67-9B9B-0780A39AAEEC}.Release|Mixed Platforms.ActiveCfg = Release|Any CPU
		{DFEE9F1F-5F28-4A67-9B9B-0780A39AAEEC}.Release|Mixed Platforms.Build.0 = Release|Any CPU
		{61E63951-DB2A-41F3-AE5C-2A8731CB31EA}.Ad-Hoc|Any CPU.ActiveCfg = Ad-Hoc|iPhone
		{61E63951-DB2A-41F3-AE5C-2A8731CB31EA}.Ad-Hoc|iPhone.ActiveCfg = Ad-Hoc|iPhone
		{61E63951-DB2A-41F3-AE5C-2A8731CB31EA}.Ad-Hoc|iPhone.Build.0 = Ad-Hoc|iPhone
		{61E63951-DB2A-41F3-AE5C-2A8731CB31EA}.Ad-Hoc|iPhoneSimulator.ActiveCfg = Ad-Hoc|iPhoneSimulator
		{61E63951-DB2A-41F3-AE5C-2A8731CB31EA}.Ad-Hoc|iPhoneSimulator.Build.0 = Ad-Hoc|iPhoneSimulator
		{61E63951-DB2A-41F3-AE5C-2A8731CB31EA}.Ad-Hoc|Mixed Platforms.ActiveCfg = Ad-Hoc|iPhone
		{61E63951-DB2A-41F3-AE5C-2A8731CB31EA}.Ad-Hoc|Mixed Platforms.Build.0 = Ad-Hoc|iPhone
		{61E63951-DB2A-41F3-AE5C-2A8731CB31EA}.AppStore|Any CPU.ActiveCfg = AppStore|iPhone
		{61E63951-DB2A-41F3-AE5C-2A8731CB31EA}.AppStore|iPhone.ActiveCfg = AppStore|iPhone
		{61E63951-DB2A-41F3-AE5C-2A8731CB31EA}.AppStore|iPhone.Build.0 = AppStore|iPhone
		{61E63951-DB2A-41F3-AE5C-2A8731CB31EA}.AppStore|iPhoneSimulator.ActiveCfg = AppStore|iPhoneSimulator
		{61E63951-DB2A-41F3-AE5C-2A8731CB31EA}.AppStore|iPhoneSimulator.Build.0 = AppStore|iPhoneSimulator
		{61E63951-DB2A-41F3-AE5C-2A8731CB31EA}.AppStore|Mixed Platforms.ActiveCfg = AppStore|iPhone
		{61E63951-DB2A-41F3-AE5C-2A8731CB31EA}.AppStore|Mixed Platforms.Build.0 = AppStore|iPhone
		{61E63951-DB2A-41F3-AE5C-2A8731CB31EA}.Debug|Any CPU.ActiveCfg = Debug|iPhone
		{61E63951-DB2A-41F3-AE5C-2A8731CB31EA}.Debug|iPhone.ActiveCfg = Debug|iPhone
		{61E63951-DB2A-41F3-AE5C-2A8731CB31EA}.Debug|iPhone.Build.0 = Debug|iPhone
		{61E63951-DB2A-41F3-AE5C-2A8731CB31EA}.Debug|iPhoneSimulator.ActiveCfg = Debug|iPhoneSimulator
		{61E63951-DB2A-41F3-AE5C-2A8731CB31EA}.Debug|iPhoneSimulator.Build.0 = Debug|iPhoneSimulator
		{61E63951-DB2A-41F3-AE5C-2A8731CB31EA}.Debug|Mixed Platforms.ActiveCfg = Debug|iPhone
		{61E63951-DB2A-41F3-AE5C-2A8731CB31EA}.Debug|Mixed Platforms.Build.0 = Debug|iPhone
		{61E63951-DB2A-41F3-AE5C-2A8731CB31EA}.MonoDroid|Any CPU.ActiveCfg = MonoDroid|iPhone
		{61E63951-DB2A-41F3-AE5C-2A8731CB31EA}.MonoDroid|iPhone.ActiveCfg = MonoDroid|iPhone
		{61E63951-DB2A-41F3-AE5C-2A8731CB31EA}.MonoDroid|iPhone.Build.0 = MonoDroid|iPhone
		{61E63951-DB2A-41F3-AE5C-2A8731CB31EA}.MonoDroid|iPhoneSimulator.ActiveCfg = MonoDroid|iPhoneSimulator
		{61E63951-DB2A-41F3-AE5C-2A8731CB31EA}.MonoDroid|iPhoneSimulator.Build.0 = MonoDroid|iPhoneSimulator
		{61E63951-DB2A-41F3-AE5C-2A8731CB31EA}.MonoDroid|Mixed Platforms.ActiveCfg = MonoDroid|iPhone
		{61E63951-DB2A-41F3-AE5C-2A8731CB31EA}.MonoDroid|Mixed Platforms.Build.0 = MonoDroid|iPhone
		{61E63951-DB2A-41F3-AE5C-2A8731CB31EA}.MonoTouch|Any CPU.ActiveCfg = MonoTouch|iPhone
		{61E63951-DB2A-41F3-AE5C-2A8731CB31EA}.MonoTouch|Any CPU.Build.0 = MonoTouch|iPhone
		{61E63951-DB2A-41F3-AE5C-2A8731CB31EA}.MonoTouch|iPhone.ActiveCfg = MonoTouch|iPhone
		{61E63951-DB2A-41F3-AE5C-2A8731CB31EA}.MonoTouch|iPhoneSimulator.ActiveCfg = MonoTouch|iPhoneSimulator
		{61E63951-DB2A-41F3-AE5C-2A8731CB31EA}.MonoTouch|Mixed Platforms.ActiveCfg = MonoTouch|iPhone
		{61E63951-DB2A-41F3-AE5C-2A8731CB31EA}.MonoTouch|Mixed Platforms.Build.0 = MonoTouch|iPhone
		{61E63951-DB2A-41F3-AE5C-2A8731CB31EA}.Release|Any CPU.ActiveCfg = Release|iPhone
		{61E63951-DB2A-41F3-AE5C-2A8731CB31EA}.Release|iPhone.ActiveCfg = Release|iPhone
		{61E63951-DB2A-41F3-AE5C-2A8731CB31EA}.Release|iPhone.Build.0 = Release|iPhone
		{61E63951-DB2A-41F3-AE5C-2A8731CB31EA}.Release|iPhoneSimulator.ActiveCfg = Release|iPhoneSimulator
		{61E63951-DB2A-41F3-AE5C-2A8731CB31EA}.Release|iPhoneSimulator.Build.0 = Release|iPhoneSimulator
		{61E63951-DB2A-41F3-AE5C-2A8731CB31EA}.Release|Mixed Platforms.ActiveCfg = Release|iPhone
		{61E63951-DB2A-41F3-AE5C-2A8731CB31EA}.Release|Mixed Platforms.Build.0 = Release|iPhone
		{80995699-7A24-4C2F-ABC7-27A7EE6F5681}.Ad-Hoc|Any CPU.ActiveCfg = Release|Any CPU
		{80995699-7A24-4C2F-ABC7-27A7EE6F5681}.Ad-Hoc|Any CPU.Build.0 = Release|Any CPU
		{80995699-7A24-4C2F-ABC7-27A7EE6F5681}.Ad-Hoc|Any CPU.Deploy.0 = Release|Any CPU
		{80995699-7A24-4C2F-ABC7-27A7EE6F5681}.Ad-Hoc|iPhone.ActiveCfg = Release|Any CPU
		{80995699-7A24-4C2F-ABC7-27A7EE6F5681}.Ad-Hoc|iPhoneSimulator.ActiveCfg = Release|Any CPU
		{80995699-7A24-4C2F-ABC7-27A7EE6F5681}.Ad-Hoc|Mixed Platforms.ActiveCfg = Release|Any CPU
		{80995699-7A24-4C2F-ABC7-27A7EE6F5681}.Ad-Hoc|Mixed Platforms.Build.0 = Release|Any CPU
		{80995699-7A24-4C2F-ABC7-27A7EE6F5681}.Ad-Hoc|Mixed Platforms.Deploy.0 = Release|Any CPU
		{80995699-7A24-4C2F-ABC7-27A7EE6F5681}.AppStore|Any CPU.ActiveCfg = Release|Any CPU
		{80995699-7A24-4C2F-ABC7-27A7EE6F5681}.AppStore|Any CPU.Build.0 = Release|Any CPU
		{80995699-7A24-4C2F-ABC7-27A7EE6F5681}.AppStore|Any CPU.Deploy.0 = Release|Any CPU
		{80995699-7A24-4C2F-ABC7-27A7EE6F5681}.AppStore|iPhone.ActiveCfg = Release|Any CPU
		{80995699-7A24-4C2F-ABC7-27A7EE6F5681}.AppStore|iPhoneSimulator.ActiveCfg = Release|Any CPU
		{80995699-7A24-4C2F-ABC7-27A7EE6F5681}.AppStore|Mixed Platforms.ActiveCfg = Release|Any CPU
		{80995699-7A24-4C2F-ABC7-27A7EE6F5681}.AppStore|Mixed Platforms.Build.0 = Release|Any CPU
		{80995699-7A24-4C2F-ABC7-27A7EE6F5681}.AppStore|Mixed Platforms.Deploy.0 = Release|Any CPU
		{80995699-7A24-4C2F-ABC7-27A7EE6F5681}.Debug|Any CPU.ActiveCfg = Debug|Any CPU
		{80995699-7A24-4C2F-ABC7-27A7EE6F5681}.Debug|Any CPU.Build.0 = Debug|Any CPU
		{80995699-7A24-4C2F-ABC7-27A7EE6F5681}.Debug|Any CPU.Deploy.0 = Debug|Any CPU
		{80995699-7A24-4C2F-ABC7-27A7EE6F5681}.Debug|iPhone.ActiveCfg = Debug|Any CPU
		{80995699-7A24-4C2F-ABC7-27A7EE6F5681}.Debug|iPhoneSimulator.ActiveCfg = Debug|Any CPU
		{80995699-7A24-4C2F-ABC7-27A7EE6F5681}.Debug|Mixed Platforms.ActiveCfg = Debug|Any CPU
		{80995699-7A24-4C2F-ABC7-27A7EE6F5681}.Debug|Mixed Platforms.Build.0 = Debug|Any CPU
		{80995699-7A24-4C2F-ABC7-27A7EE6F5681}.Debug|Mixed Platforms.Deploy.0 = Debug|Any CPU
		{80995699-7A24-4C2F-ABC7-27A7EE6F5681}.MonoDroid|Any CPU.ActiveCfg = MonoDroid|Any CPU
		{80995699-7A24-4C2F-ABC7-27A7EE6F5681}.MonoDroid|iPhone.ActiveCfg = MonoDroid|Any CPU
		{80995699-7A24-4C2F-ABC7-27A7EE6F5681}.MonoDroid|iPhoneSimulator.ActiveCfg = MonoDroid|Any CPU
		{80995699-7A24-4C2F-ABC7-27A7EE6F5681}.MonoDroid|Mixed Platforms.ActiveCfg = MonoDroid|Any CPU
		{80995699-7A24-4C2F-ABC7-27A7EE6F5681}.MonoDroid|Mixed Platforms.Build.0 = MonoDroid|Any CPU
		{80995699-7A24-4C2F-ABC7-27A7EE6F5681}.MonoTouch|Any CPU.ActiveCfg = MonoTouch|Any CPU
		{80995699-7A24-4C2F-ABC7-27A7EE6F5681}.MonoTouch|iPhone.ActiveCfg = MonoTouch|Any CPU
		{80995699-7A24-4C2F-ABC7-27A7EE6F5681}.MonoTouch|iPhoneSimulator.ActiveCfg = MonoTouch|Any CPU
		{80995699-7A24-4C2F-ABC7-27A7EE6F5681}.MonoTouch|Mixed Platforms.ActiveCfg = MonoTouch|Any CPU
		{80995699-7A24-4C2F-ABC7-27A7EE6F5681}.MonoTouch|Mixed Platforms.Build.0 = MonoTouch|Any CPU
		{80995699-7A24-4C2F-ABC7-27A7EE6F5681}.MonoTouch|Mixed Platforms.Deploy.0 = MonoTouch|Any CPU
		{80995699-7A24-4C2F-ABC7-27A7EE6F5681}.Release|Any CPU.ActiveCfg = Release|Any CPU
		{80995699-7A24-4C2F-ABC7-27A7EE6F5681}.Release|Any CPU.Build.0 = Release|Any CPU
		{80995699-7A24-4C2F-ABC7-27A7EE6F5681}.Release|Any CPU.Deploy.0 = Release|Any CPU
		{80995699-7A24-4C2F-ABC7-27A7EE6F5681}.Release|iPhone.ActiveCfg = Release|Any CPU
		{80995699-7A24-4C2F-ABC7-27A7EE6F5681}.Release|iPhoneSimulator.ActiveCfg = Release|Any CPU
		{80995699-7A24-4C2F-ABC7-27A7EE6F5681}.Release|Mixed Platforms.ActiveCfg = Release|Any CPU
		{80995699-7A24-4C2F-ABC7-27A7EE6F5681}.Release|Mixed Platforms.Build.0 = Release|Any CPU
		{80995699-7A24-4C2F-ABC7-27A7EE6F5681}.Release|Mixed Platforms.Deploy.0 = Release|Any CPU
		{E57FA7C6-A24F-44C6-BABB-876D25310211}.Ad-Hoc|Any CPU.ActiveCfg = Release|Any CPU
		{E57FA7C6-A24F-44C6-BABB-876D25310211}.Ad-Hoc|Any CPU.Build.0 = Release|Any CPU
		{E57FA7C6-A24F-44C6-BABB-876D25310211}.Ad-Hoc|iPhone.ActiveCfg = Release|Any CPU
		{E57FA7C6-A24F-44C6-BABB-876D25310211}.Ad-Hoc|iPhoneSimulator.ActiveCfg = Release|Any CPU
		{E57FA7C6-A24F-44C6-BABB-876D25310211}.Ad-Hoc|Mixed Platforms.ActiveCfg = Release|Any CPU
		{E57FA7C6-A24F-44C6-BABB-876D25310211}.Ad-Hoc|Mixed Platforms.Build.0 = Release|Any CPU
		{E57FA7C6-A24F-44C6-BABB-876D25310211}.AppStore|Any CPU.ActiveCfg = Release|Any CPU
		{E57FA7C6-A24F-44C6-BABB-876D25310211}.AppStore|Any CPU.Build.0 = Release|Any CPU
		{E57FA7C6-A24F-44C6-BABB-876D25310211}.AppStore|iPhone.ActiveCfg = Release|Any CPU
		{E57FA7C6-A24F-44C6-BABB-876D25310211}.AppStore|iPhoneSimulator.ActiveCfg = Release|Any CPU
		{E57FA7C6-A24F-44C6-BABB-876D25310211}.AppStore|Mixed Platforms.ActiveCfg = Release|Any CPU
		{E57FA7C6-A24F-44C6-BABB-876D25310211}.AppStore|Mixed Platforms.Build.0 = Release|Any CPU
		{E57FA7C6-A24F-44C6-BABB-876D25310211}.Debug|Any CPU.ActiveCfg = Debug|Any CPU
		{E57FA7C6-A24F-44C6-BABB-876D25310211}.Debug|Any CPU.Build.0 = Debug|Any CPU
		{E57FA7C6-A24F-44C6-BABB-876D25310211}.Debug|Any CPU.Deploy.0 = Debug|Any CPU
		{E57FA7C6-A24F-44C6-BABB-876D25310211}.Debug|iPhone.ActiveCfg = Debug|Any CPU
		{E57FA7C6-A24F-44C6-BABB-876D25310211}.Debug|iPhoneSimulator.ActiveCfg = Debug|Any CPU
		{E57FA7C6-A24F-44C6-BABB-876D25310211}.Debug|Mixed Platforms.ActiveCfg = Debug|Any CPU
		{E57FA7C6-A24F-44C6-BABB-876D25310211}.Debug|Mixed Platforms.Build.0 = Debug|Any CPU
		{E57FA7C6-A24F-44C6-BABB-876D25310211}.MonoDroid|Any CPU.ActiveCfg = MonoDroid|Any CPU
		{E57FA7C6-A24F-44C6-BABB-876D25310211}.MonoDroid|Any CPU.Build.0 = MonoDroid|Any CPU
		{E57FA7C6-A24F-44C6-BABB-876D25310211}.MonoDroid|Any CPU.Deploy.0 = MonoDroid|Any CPU
		{E57FA7C6-A24F-44C6-BABB-876D25310211}.MonoDroid|iPhone.ActiveCfg = MonoDroid|Any CPU
		{E57FA7C6-A24F-44C6-BABB-876D25310211}.MonoDroid|iPhoneSimulator.ActiveCfg = MonoDroid|Any CPU
		{E57FA7C6-A24F-44C6-BABB-876D25310211}.MonoDroid|Mixed Platforms.ActiveCfg = MonoDroid|Any CPU
		{E57FA7C6-A24F-44C6-BABB-876D25310211}.MonoDroid|Mixed Platforms.Build.0 = MonoDroid|Any CPU
		{E57FA7C6-A24F-44C6-BABB-876D25310211}.MonoTouch|Any CPU.ActiveCfg = MonoTouch|Any CPU
		{E57FA7C6-A24F-44C6-BABB-876D25310211}.MonoTouch|iPhone.ActiveCfg = MonoTouch|Any CPU
		{E57FA7C6-A24F-44C6-BABB-876D25310211}.MonoTouch|iPhoneSimulator.ActiveCfg = MonoTouch|Any CPU
		{E57FA7C6-A24F-44C6-BABB-876D25310211}.MonoTouch|Mixed Platforms.ActiveCfg = MonoTouch|Any CPU
		{E57FA7C6-A24F-44C6-BABB-876D25310211}.MonoTouch|Mixed Platforms.Build.0 = MonoTouch|Any CPU
		{E57FA7C6-A24F-44C6-BABB-876D25310211}.MonoTouch|Mixed Platforms.Deploy.0 = MonoTouch|Any CPU
		{E57FA7C6-A24F-44C6-BABB-876D25310211}.Release|Any CPU.ActiveCfg = Release|Any CPU
		{E57FA7C6-A24F-44C6-BABB-876D25310211}.Release|Any CPU.Build.0 = Release|Any CPU
		{E57FA7C6-A24F-44C6-BABB-876D25310211}.Release|iPhone.ActiveCfg = Release|Any CPU
		{E57FA7C6-A24F-44C6-BABB-876D25310211}.Release|iPhoneSimulator.ActiveCfg = Release|Any CPU
		{E57FA7C6-A24F-44C6-BABB-876D25310211}.Release|Mixed Platforms.ActiveCfg = Release|Any CPU
		{E57FA7C6-A24F-44C6-BABB-876D25310211}.Release|Mixed Platforms.Build.0 = Release|Any CPU
		{5AA77FEE-7DE9-4AD3-8434-624A6C7936D8}.Ad-Hoc|Any CPU.ActiveCfg = Release|Any CPU
		{5AA77FEE-7DE9-4AD3-8434-624A6C7936D8}.Ad-Hoc|Any CPU.Build.0 = Release|Any CPU
		{5AA77FEE-7DE9-4AD3-8434-624A6C7936D8}.Ad-Hoc|iPhone.ActiveCfg = Release|Any CPU
		{5AA77FEE-7DE9-4AD3-8434-624A6C7936D8}.Ad-Hoc|iPhoneSimulator.ActiveCfg = Release|Any CPU
		{5AA77FEE-7DE9-4AD3-8434-624A6C7936D8}.Ad-Hoc|Mixed Platforms.ActiveCfg = Release|Any CPU
		{5AA77FEE-7DE9-4AD3-8434-624A6C7936D8}.Ad-Hoc|Mixed Platforms.Build.0 = Release|Any CPU
		{5AA77FEE-7DE9-4AD3-8434-624A6C7936D8}.AppStore|Any CPU.ActiveCfg = Release|Any CPU
		{5AA77FEE-7DE9-4AD3-8434-624A6C7936D8}.AppStore|Any CPU.Build.0 = Release|Any CPU
		{5AA77FEE-7DE9-4AD3-8434-624A6C7936D8}.AppStore|iPhone.ActiveCfg = Release|Any CPU
		{5AA77FEE-7DE9-4AD3-8434-624A6C7936D8}.AppStore|iPhoneSimulator.ActiveCfg = Release|Any CPU
		{5AA77FEE-7DE9-4AD3-8434-624A6C7936D8}.AppStore|Mixed Platforms.ActiveCfg = Release|Any CPU
		{5AA77FEE-7DE9-4AD3-8434-624A6C7936D8}.AppStore|Mixed Platforms.Build.0 = Release|Any CPU
		{5AA77FEE-7DE9-4AD3-8434-624A6C7936D8}.Debug|Any CPU.ActiveCfg = Debug|Any CPU
		{5AA77FEE-7DE9-4AD3-8434-624A6C7936D8}.Debug|Any CPU.Build.0 = Debug|Any CPU
		{5AA77FEE-7DE9-4AD3-8434-624A6C7936D8}.Debug|iPhone.ActiveCfg = Debug|Any CPU
		{5AA77FEE-7DE9-4AD3-8434-624A6C7936D8}.Debug|iPhoneSimulator.ActiveCfg = Debug|Any CPU
		{5AA77FEE-7DE9-4AD3-8434-624A6C7936D8}.Debug|Mixed Platforms.ActiveCfg = Debug|Any CPU
		{5AA77FEE-7DE9-4AD3-8434-624A6C7936D8}.Debug|Mixed Platforms.Build.0 = Debug|Any CPU
		{5AA77FEE-7DE9-4AD3-8434-624A6C7936D8}.MonoDroid|Any CPU.ActiveCfg = Release|Any CPU
		{5AA77FEE-7DE9-4AD3-8434-624A6C7936D8}.MonoDroid|iPhone.ActiveCfg = Release|Any CPU
		{5AA77FEE-7DE9-4AD3-8434-624A6C7936D8}.MonoDroid|iPhoneSimulator.ActiveCfg = Release|Any CPU
		{5AA77FEE-7DE9-4AD3-8434-624A6C7936D8}.MonoDroid|Mixed Platforms.ActiveCfg = Release|Any CPU
		{5AA77FEE-7DE9-4AD3-8434-624A6C7936D8}.MonoDroid|Mixed Platforms.Build.0 = Release|Any CPU
		{5AA77FEE-7DE9-4AD3-8434-624A6C7936D8}.MonoTouch|Any CPU.ActiveCfg = MonoTouch|Any CPU
		{5AA77FEE-7DE9-4AD3-8434-624A6C7936D8}.MonoTouch|Any CPU.Build.0 = MonoTouch|Any CPU
		{5AA77FEE-7DE9-4AD3-8434-624A6C7936D8}.MonoTouch|iPhone.ActiveCfg = MonoTouch|Any CPU
		{5AA77FEE-7DE9-4AD3-8434-624A6C7936D8}.MonoTouch|iPhoneSimulator.ActiveCfg = MonoTouch|Any CPU
		{5AA77FEE-7DE9-4AD3-8434-624A6C7936D8}.MonoTouch|Mixed Platforms.ActiveCfg = MonoTouch|Any CPU
		{5AA77FEE-7DE9-4AD3-8434-624A6C7936D8}.MonoTouch|Mixed Platforms.Build.0 = MonoTouch|Any CPU
		{5AA77FEE-7DE9-4AD3-8434-624A6C7936D8}.Release|Any CPU.ActiveCfg = Release|Any CPU
		{5AA77FEE-7DE9-4AD3-8434-624A6C7936D8}.Release|Any CPU.Build.0 = Release|Any CPU
		{5AA77FEE-7DE9-4AD3-8434-624A6C7936D8}.Release|iPhone.ActiveCfg = Release|Any CPU
		{5AA77FEE-7DE9-4AD3-8434-624A6C7936D8}.Release|iPhoneSimulator.ActiveCfg = Release|Any CPU
		{5AA77FEE-7DE9-4AD3-8434-624A6C7936D8}.Release|Mixed Platforms.ActiveCfg = Release|Any CPU
		{5AA77FEE-7DE9-4AD3-8434-624A6C7936D8}.Release|Mixed Platforms.Build.0 = Release|Any CPU
	EndGlobalSection
	GlobalSection(SolutionProperties) = preSolution
		HideSolutionNode = FALSE
	EndGlobalSection
	GlobalSection(NestedProjects) = preSolution
		{D2F00BD2-C015-4A94-8CC8-67E4A86A76B4} = {48F3813B-AC7D-4E10-8195-6B4AFBC28E30}
		{80995699-7A24-4C2F-ABC7-27A7EE6F5681} = {48F3813B-AC7D-4E10-8195-6B4AFBC28E30}
		{DFEE9F1F-5F28-4A67-9B9B-0780A39AAEEC} = {6B921381-7D06-4575-BBE5-8FE281D72AB4}
		{E57FA7C6-A24F-44C6-BABB-876D25310211} = {6B921381-7D06-4575-BBE5-8FE281D72AB4}
		{61E63951-DB2A-41F3-AE5C-2A8731CB31EA} = {6BB6A39C-40D4-42D7-B7F8-19784168E785}
		{5AA77FEE-7DE9-4AD3-8434-624A6C7936D8} = {6BB6A39C-40D4-42D7-B7F8-19784168E785}
	EndGlobalSection
EndGlobal
